
Microsoft Visual Studio Solution File, Format Version 12.00
# Visual Studio Version 17
VisualStudioVersion = 17.3.32901.215
MinimumVisualStudioVersion = 10.0.40219.1
Project("{FAE04EC0-301F-11D3-BF4B-00C04F79EFBC}") = "DiceRoller", "DiceRoller\DiceRoller.csproj", "{7526DF54-8B2A-411E-9DE9-44AC490CD7C8}"
EndProject
Global
	GlobalSection(SolutionConfigurationPlatforms) = preSolution
		Debug|Any CPU = Debug|Any CPU
		Release|Any CPU = Release|Any CPU
	EndGlobalSection
	GlobalSection(ProjectConfigurationPlatforms) = postSolution
		{7526DF54-8B2A-411E-9DE9-44AC490CD7C8}.Debug|Any CPU.ActiveCfg = Debug|Any CPU
		{7526DF54-8B2A-411E-9DE9-44AC490CD7C8}.Debug|Any CPU.Build.0 = Debug|Any CPU
		{7526DF54-8B2A-411E-9DE9-44AC490CD7C8}.Release|Any CPU.ActiveCfg = Release|Any CPU
		{7526DF54-8B2A-411E-9DE9-44AC490CD7C8}.Release|Any CPU.Build.0 = Release|Any CPU
	EndGlobalSection
	GlobalSection(SolutionProperties) = preSolution
		HideSolutionNode = FALSE
	EndGlobalSection
	GlobalSection(ExtensibilityGlobals) = postSolution
		SolutionGuid = {32670666-90B4-4F7A-9362-49A498E48E89}
	EndGlobalSection
EndGlobal
